
Microsoft Visual Studio Solution File, Format Version 12.00
# Visual Studio Version 17
VisualStudioVersion = 17.9.34723.18
MinimumVisualStudioVersion = 10.0.40219.1
Project("{FAE04EC0-301F-11D3-BF4B-00C04F79EFBC}") = "SocialNetwork", "SocialNetwork\SocialNetwork.csproj", "{2308AA66-3A5C-4460-BF97-E17CD647076E}"
EndProject
Global
	GlobalSection(SolutionConfigurationPlatforms) = preSolution
		Debug|Any CPU = Debug|Any CPU
		Release|Any CPU = Release|Any CPU
	EndGlobalSection
	GlobalSection(ProjectConfigurationPlatforms) = postSolution
		{2308AA66-3A5C-4460-BF97-E17CD647076E}.Debug|Any CPU.ActiveCfg = Debug|Any CPU
		{2308AA66-3A5C-4460-BF97-E17CD647076E}.Debug|Any CPU.Build.0 = Debug|Any CPU
		{2308AA66-3A5C-4460-BF97-E17CD647076E}.Release|Any CPU.ActiveCfg = Release|Any CPU
		{2308AA66-3A5C-4460-BF97-E17CD647076E}.Release|Any CPU.Build.0 = Release|Any CPU
	EndGlobalSection
	GlobalSection(SolutionProperties) = preSolution
		HideSolutionNode = FALSE
	EndGlobalSection
	GlobalSection(ExtensibilityGlobals) = postSolution
		SolutionGuid = {FD665AF5-E516-456E-BDD5-88E65E1A360C}
	EndGlobalSection
EndGlobal
